{
  "name": "main-proj",
  "version": "1.0.0",
  "lockfileVersion": 1,
  "requires": true,
  "dependencies": {
    "lodash": {
      "version": "4.17.21",
      "resolved": "https://registry.npmjs.org/lodash/-/lodash-4.17.21.tgz",
      "integrity": "sha512-v2kDEe57lecTulaDIuNTPy3Ry4gLGJ6Z1O3vE1krgXZNrsQ+LFTGHVxVjcXPs17LhbZVGedAJv8XZ1tvj5FvSg=="
    },
    "u-package": {
      "version": "github:jaenwawe/u-package#31d9c58a92ed9b40d8a6acdf19d4ad6b26c41b88",
      "from": "github:jaenwawe/u-package#master"
    }
  }
}
