{
  "name": "main-proj",
  "version": "1.0.0",
  "lockfileVersion": 1,
  "requires": true,
  "dependencies": {
    "lodash": {
      "version": "4.17.19",
      "resolved": "https://registry.npmjs.org/lodash/-/lodash-4.17.19.tgz",
      "integrity": "sha512-JNvd8XER9GQX0v2qJgsaN/mzFCNA5BRe/j8JN9d+tWyGLSodKQHKFicdwNYzWwI3wjRnaKPsGj1XkBjx/F96DQ=="
    },
    "u-package": {
      "version": "github:jaenwawe/u-package#31d9c58a92ed9b40d8a6acdf19d4ad6b26c41b88",
      "from": "github:jaenwawe/u-package#master"
    }
  }
}
